
Microsoft Visual Studio Solution File, Format Version 12.00
# Visual Studio Version 17
VisualStudioVersion = 17.10.35013.160
MinimumVisualStudioVersion = 10.0.40219.1
Project("{FAE04EC0-301F-11D3-BF4B-00C04F79EFBC}") = "ForTest", "ForTest\ForTest.csproj", "{1F1897CE-9DBB-4617-8ADB-9D8E6135F20D}"
EndProject
Global
	GlobalSection(SolutionConfigurationPlatforms) = preSolution
		Debug|Any CPU = Debug|Any CPU
		Release|Any CPU = Release|Any CPU
	EndGlobalSection
	GlobalSection(ProjectConfigurationPlatforms) = postSolution
		{1F1897CE-9DBB-4617-8ADB-9D8E6135F20D}.Debug|Any CPU.ActiveCfg = Debug|Any CPU
		{1F1897CE-9DBB-4617-8ADB-9D8E6135F20D}.Debug|Any CPU.Build.0 = Debug|Any CPU
		{1F1897CE-9DBB-4617-8ADB-9D8E6135F20D}.Release|Any CPU.ActiveCfg = Release|Any CPU
		{1F1897CE-9DBB-4617-8ADB-9D8E6135F20D}.Release|Any CPU.Build.0 = Release|Any CPU
	EndGlobalSection
	GlobalSection(SolutionProperties) = preSolution
		HideSolutionNode = FALSE
	EndGlobalSection
	GlobalSection(ExtensibilityGlobals) = postSolution
		SolutionGuid = {9C291245-D52E-45BF-829B-12285200615E}
	EndGlobalSection
EndGlobal
